<Solution>
	<Configurations>
		<BuildType Name="Debug" />
		<BuildType Name="Release" />
		<BuildType Name="Source" />
		<Platform Name="Any CPU" />
		<Platform Name="x64" />
		<Platform Name="x86" />
	</Configurations>
	<Folder Name="/0.DeepCore/" />
	<Folder Name="/0.DeepCore/0.Common/">
		<Project Path="DeepCore/DeepCore.Console/DeepCore.Console.csproj" />
		<Project Path="DeepCore/DeepCore.Event.Debug/DeepCore.Event.Debug.csproj" />
		<Project Path="DeepCore/DeepCore.Event.Lua/DeepCore.Event.Lua.csproj" />
		<Project Path="DeepCore/DeepCore.Event/DeepCore.Event.csproj" />
		<Project Path="DeepCore/DeepCore.Geometry/DeepCore.Geometry.csproj" />
		<Project Path="DeepCore/DeepCore.Net.WebSocket/DeepCore.Net.WebSocket.csproj" />
		<Project Path="DeepCore/DeepCore.Net/DeepCore.Net.csproj" />
		<Project Path="DeepCore/DeepCore.SharpZipLib/DeepCore.SharpZipLib.csproj" />
		<Project Path="DeepCore/DeepCore.Template.MoonSharp/DeepCore.Template.MoonSharp.csproj" />
		<Project Path="DeepCore/DeepCore.Template.NewtonJson/DeepCore.Template.NewtonJson.csproj" />
		<Project Path="DeepCore/DeepCore.Voxel/DeepCore.Voxel.csproj" />
		<Project Path="DeepCore/DeepCore.VoxelWorld/DeepCore.VoxelWorld.csproj" />
		<Project Path="DeepCore/DeepCore/DeepCore.csproj" />
		<Project Path="DeepCore/DeepOpenAI/DeepOpenAI.csproj" />
		<Project Path="DeepCore/DeepTools.CodeGen/DeepTools.CodeGen.csproj" />
		<Project Path="DeepCore/DeepTools.NuGetIncrement/DeepTools.NuGetIncrement.csproj" />
		<Project Path="DeepCore/DeepTools.SvnCombiner/DeepTools.SvnCombiner.csproj" />
		<Project Path="DeepCore/DeepTools.Voxel/DeepTools.Voxel.csproj" />
		<Project Path="DeepCore/DeepTools.XLS2Lang/DeepTools.XLS2Lang.csproj" />
	</Folder>
	<Folder Name="/0.DeepCore/1.Client/">
		<Project Path="DeepCore/DeepCore.GUI.Display/DeepCore.GUI.Display.csproj" />
		<Project Path="DeepCore/DeepCore.GUI.FairyGUI/DeepCore.GUI.FairyGUI.csproj" />
		<Project Path="DeepCore/DeepCore.GUI/DeepCore.GUI.csproj" />
		<Project Path="DeepCore/DeepCore.MPQ/DeepCore.MPQ.csproj" />
		<Project Path="DeepCore/DeepCore.Unity.Assets/DeepCore.Unity.Assets.csproj" />
		<Project Path="DeepCore/DeepCore.Unity.GUI/DeepCore.Unity.GUI.csproj" />
		<Project Path="DeepCore/DeepCore.Unity/DeepCore.Unity.csproj" />
		<Project Path="DeepCore/DeepCore.Unity3D.Win32/DeepCore.Unity3D.Win32.csproj" />
		<Project Path="DeepCore/DeepCore.Unity3D/DeepCore.Unity3D.csproj" />
		<Project Path="DeepCore/DeepCore.UnityEditor/DeepCore.UnityEditor.csproj" />
	</Folder>
	<Folder Name="/0.DeepCore/2.Game/">
		<Project Path="DeepCore/DeepMetaGame.CLI/DeepMetaGame.CLI.csproj" />
		<Project Path="DeepCore/DeepMetaGame.Data/DeepMetaGame.Data.csproj" />
		<Project Path="DeepCore/DeepMetaGame.Display/DeepMetaGame.Display.csproj" />
		<Project Path="DeepCore/DeepMetaGame.Host/DeepMetaGame.Host.csproj" />
		<Project Path="DeepCore/DeepMetaGame.Slave/DeepMetaGame.Slave.csproj" />
		<Project Path="DeepCore/DeepMetaGame.Tools/DeepMetaGame.Tools.csproj" />
		<Project Path="DeepCore/DeepMetaGame.Unity/DeepMetaGame.Unity.csproj" />
		<Project Path="DeepCore/DeepMetaGame.UnityAssets/DeepMetaGame.UnityAssets.csproj" />
		<Project Path="DeepCore/DeepMetaGame.UnityPreview/DeepMetaGame.UnityPreview.csproj" />
		<Project Path="DeepCore/DeepMetaGame.ZoneClient/DeepMetaGame.ZoneClient.csproj" />
		<Project Path="DeepCore/DeepMetaGame.ZoneServer/DeepMetaGame.ZoneServer.csproj" />
		<Project Path="DeepCore/DeepMetaGame.Win32.Editor/DeepMetaGame.Win32.Editor.csproj" />
	</Folder>
	<Folder Name="/0.DeepCore/3.Server/">
		<Project Path="DeepCore/DeepCrystal/DeepCrystal.csproj" />
		<Project Path="DeepCore/DeepFrozen.MySQL/DeepFrozen.MySQL.csproj" />
		<Project Path="DeepCore/DeepFrozen.Redis/DeepFrozen.Redis.csproj" />
		<Project Path="DeepCore/DeepFrozen.RPC.ICE/DeepFrozen.RPC.ICE.csproj" />
		<Project Path="DeepCore/DeepFrozen.RPC/DeepFrozen.RPC.csproj" />
		<Project Path="DeepCore/DeepFrozen.Server.NetUV/DeepFrozen.Server.NetUV.csproj" />
		<Project Path="DeepCore/DeepFrozen.Server.SSocket2/DeepFrozen.Server.SSocket2.csproj" />
		<Project Path="DeepCore/DeepTools.DBLauncher/DeepTools.DBLauncher.csproj" />
	</Folder>
	<Folder Name="/0.DeepCore/4.MMO/">
		<Project Path="DeepCore/Gate.Client/Gate.Client.csproj" />
		<Project Path="DeepCore/Gate.Data/Gate.Data.csproj" />
		<Project Path="DeepCore/Gate.Server.Main/Gate.Server.Main.csproj" />
		<Project Path="DeepCore/Gate.Server/Gate.Server.csproj" />
		<Project Path="DeepCore/MMO.Client/MMO.Client.csproj" />
		<Project Path="DeepCore/MMO.Server.Main/MMO.Server.Main.csproj" />
		<Project Path="DeepCore/MMO.Server/MMO.Server.csproj" />
	</Folder>
	<Folder Name="/1.EditorMain/">
		<Project Path="DeepEditorMain/DeepEditor.Common/DeepEditor.Common.csproj">
			<Build Solution="Debug|Any CPU" Project="false" />
			<Build Solution="Release|Any CPU" Project="false" />
		</Project>
		<Project Path="DeepEditorMain/DeepGameEditor3D.AI/DeepGameEditor3D.AI.csproj">
			<Build Solution="Debug|Any CPU" Project="false" />
			<Build Solution="Release|Any CPU" Project="false" />
		</Project>
		<Project Path="DeepEditorMain/DeepGameEditor3D.Main/DeepGameEditor3D.Main.csproj">
			<Build Solution="Debug|Any CPU" Project="false" />
			<Build Solution="Release|Any CPU" Project="false" />
		</Project>
		<Project Path="DeepEditorMain/DeepGameEditor3D.MMO/DeepGameEditor3D.MMO.csproj">
			<Build Solution="Debug|Any CPU" Project="false" />
			<Build Solution="Release|Any CPU" Project="false" />
		</Project>
		<Project Path="DeepEditorMain/DeepGameEditor3D.MMOServer/DeepGameEditor3D.MMOServer.csproj">
			<Build Solution="Debug|Any CPU" Project="false" />
			<Build Solution="Release|Any CPU" Project="false" />
		</Project>
		<Project Path="DeepEditorMain/DeepGameEditor3D.Packages/DeepGameEditor3D.Packages.csproj">
			<Build Solution="*|Any CPU" Project="false" />
		</Project>
		<Project Path="DeepEditorMain/DeepGameEditor3D.Plugin3D/DeepGameEditor3D.Plugin3D.csproj">
			<Build Solution="Debug|Any CPU" Project="false" />
			<Build Solution="Release|Any CPU" Project="false" />
		</Project>
		<Project Path="DeepEditorMain/DeepGameEditor3D.Unity3D/DeepGameEditor3D.Unity3D.csproj">
			<Build Solution="Debug|Any CPU" Project="false" />
			<Build Solution="Release|Any CPU" Project="false" />
		</Project>
		<Project Path="DeepEditorMain/DeepMetaGame.Win32/DeepMetaGame.Win32.csproj">
			<Build Solution="Debug|Any CPU" Project="false" />
			<Build Solution="Release|Any CPU" Project="false" />
		</Project>
	</Folder>
	<Folder Name="/2._Temp_Battle/">
		<Project Path="_Temp_Src/_Temp_.Battle/_Temp_.Battle.csproj" />
		<Project Path="_Temp_Src/_Temp_.Client.Unity/_Temp_.Client.Unity.csproj" />
		<Project Path="_Temp_Src/_Temp_.Client.UnityAssets/_Temp_.Client.UnityAssets.csproj" />
		<Project Path="_Temp_Src/_Temp_.Client.UnityPreview/_Temp_.Client.UnityPreview.csproj" />
		<Project Path="_Temp_Src/_Temp_.Client/_Temp_.Client.csproj" />
		<Project Path="_Temp_Src/_Temp_.Codec/_Temp_.Codec.csproj">
			<BuildDependency Project="_Temp_Src/_Temp_.Gen/_Temp_.Gen.csproj" />
		</Project>
		<Project Path="_Temp_Src/_Temp_.Gen/_Temp_.Gen.csproj" />
		<Project Path="_Temp_Src/_Temp_.Protocol/_Temp_.Protocol.csproj" />
		<Project Path="_Temp_Src/_Temp_.Server.Main/_Temp_.ServerMain.csproj" />
		<Project Path="_Temp_Src/_Temp_.Server/_Temp_.Server.csproj" />
		<Project Path="_Temp_Src/_Temp_.Service.Logic/_Temp_.Service.Logic.csproj" />
		<Project Path="_Temp_Src/_Temp_.Tools.CLI/_Temp_.Tools.CLI.csproj" />
		<Project Path="_Temp_Src/_Temp_.Win32Editor/_Temp_.Win32Editor.csproj" />
	</Folder>
	<Folder Name="/解决方案项/" />
</Solution>